
Microsoft Visual Studio Solution File, Format Version 12.00
# Visual Studio Version 17
VisualStudioVersion = 17.5.002.0
MinimumVisualStudioVersion = 10.0.40219.1
Project("{2150E333-8FDC-42A3-9474-1A3956D46DE8}") = "csharp-prep", "csharp-prep", "{17D3FD78-71B5-4678-A577-7CF58C938ED5}"
EndProject
Project("{9A19103F-16F7-4668-BE54-9A1E7A4F7556}") = "Prep1", "csharp-prep\Prep1\Prep1.csproj", "{9856AA64-04CA-475F-9387-F4D391780724}"
EndProject
Project("{9A19103F-16F7-4668-BE54-9A1E7A4F7556}") = "Prep2", "csharp-prep\Prep2\Prep2.csproj", "{4FA1087B-9619-4DD0-A531-081D0A29E6CF}"
EndProject
Project("{9A19103F-16F7-4668-BE54-9A1E7A4F7556}") = "Prep3", "csharp-prep\Prep3\Prep3.csproj", "{82855A61-6071-4E22-BF72-0C7A2A977931}"
EndProject
Project("{9A19103F-16F7-4668-BE54-9A1E7A4F7556}") = "Prep4", "csharp-prep\Prep4\Prep4.csproj", "{0BF405CC-DE12-446B-82A5-E5776CF39586}"
EndProject
Project("{9A19103F-16F7-4668-BE54-9A1E7A4F7556}") = "Prep5", "csharp-prep\Prep5\Prep5.csproj", "{693B7192-4908-41BD-968C-D665807AE1FF}"
EndProject
Project("{2150E333-8FDC-42A3-9474-1A3956D46DE8}") = "final", "final", "{8EE192CD-883A-4C28-8CE0-B873FED331CF}"
EndProject
Project("{9A19103F-16F7-4668-BE54-9A1E7A4F7556}") = "FinalProject", "final\FinalProject\FinalProject.csproj", "{CB799651-ED00-4A5B-8EE3-9C9AEFC4754F}"
EndProject
Project("{9A19103F-16F7-4668-BE54-9A1E7A4F7556}") = "Foundation1", "final\Foundation1\Foundation1.csproj", "{4DDDB571-C858-454F-91BC-556043B601DA}"
EndProject
Project("{9A19103F-16F7-4668-BE54-9A1E7A4F7556}") = "Foundation2", "final\Foundation2\Foundation2.csproj", "{8D485CB6-5B6D-4B17-AFE3-12302CB94EB5}"
EndProject
Project("{9A19103F-16F7-4668-BE54-9A1E7A4F7556}") = "Foundation3", "final\Foundation3\Foundation3.csproj", "{1ACB406C-DB1C-4153-8453-C059CF113DCA}"
EndProject
Project("{9A19103F-16F7-4668-BE54-9A1E7A4F7556}") = "Foundation4", "final\Foundation4\Foundation4.csproj", "{BC31A8FE-CC4C-4ED1-8CAD-7A3007934052}"
EndProject
Project("{2150E333-8FDC-42A3-9474-1A3956D46DE8}") = "prepare", "prepare", "{2BBA016F-37DF-44A4-AE2F-0A7FD92E9E3D}"
EndProject
Project("{9A19103F-16F7-4668-BE54-9A1E7A4F7556}") = "Learning02", "prepare\Learning02\Learning02.csproj", "{F4396019-06E2-41DE-BC28-EE8A48538F58}"
EndProject
Project("{9A19103F-16F7-4668-BE54-9A1E7A4F7556}") = "Learning03", "prepare\Learning03\Learning03.csproj", "{F47EEC71-E5CD-43B3-8B66-86AE58C39BBF}"
EndProject
Project("{9A19103F-16F7-4668-BE54-9A1E7A4F7556}") = "Learning04", "prepare\Learning04\Learning04.csproj", "{DE1A1248-67CD-4C7F-8B50-CA38999C2B2D}"
EndProject
Project("{9A19103F-16F7-4668-BE54-9A1E7A4F7556}") = "Learning05", "prepare\Learning05\Learning05.csproj", "{7D40291B-1A57-4173-A477-BEB1F7D17479}"
EndProject
Project("{2150E333-8FDC-42A3-9474-1A3956D46DE8}") = "prove", "prove", "{8FA1ED29-B274-4228-B872-7D95E8B97078}"
EndProject
Project("{9A19103F-16F7-4668-BE54-9A1E7A4F7556}") = "Develop02", "prove\Develop02\Develop02.csproj", "{B24A0879-7D20-4839-8E02-3A1453501BDB}"
EndProject
Project("{9A19103F-16F7-4668-BE54-9A1E7A4F7556}") = "Develop03", "prove\Develop03\Develop03.csproj", "{89BFCB67-7659-4044-88D3-117611B4D4E1}"
EndProject
Project("{9A19103F-16F7-4668-BE54-9A1E7A4F7556}") = "Develop04", "prove\Develop04\Develop04.csproj", "{0FB4523A-B334-4AA7-84ED-3C0D4ECBB5E2}"
EndProject
Project("{9A19103F-16F7-4668-BE54-9A1E7A4F7556}") = "Develop05", "prove\Develop05\Develop05.csproj", "{9CC624CD-0287-4569-AFE3-3A87D3FBDA4B}"
EndProject
Project("{2150E333-8FDC-42A3-9474-1A3956D46DE8}") = "sandbox", "sandbox", "{A7ABEA26-2AC3-44E7-857E-B5B563375A90}"
EndProject
Project("{9A19103F-16F7-4668-BE54-9A1E7A4F7556}") = "Sandbox", "sandbox\Sandbox\Sandbox.csproj", "{6150A42A-0858-405A-B745-FD49669285F4}"
EndProject
Project("{2150E333-8FDC-42A3-9474-1A3956D46DE8}") = "csharp-prep", "csharp-prep", "{028F6171-7D64-44C4-BE0A-C26F76CB7960}"
EndProject
Project("{9A19103F-16F7-4668-BE54-9A1E7A4F7556}") = "Prep1", "sandbox\csharp-prep\Prep1\Prep1.csproj", "{BC8B53F0-F2CB-46A1-9178-199F74D799B6}"
EndProject
Project("{9A19103F-16F7-4668-BE54-9A1E7A4F7556}") = "Prep2", "sandbox\csharp-prep\Prep2\Prep2.csproj", "{41FD44FA-20AB-4AD8-9CCC-8F07D653E576}"
EndProject
Project("{9A19103F-16F7-4668-BE54-9A1E7A4F7556}") = "Prep3", "sandbox\csharp-prep\Prep3\Prep3.csproj", "{9CAFB3C0-396F-43FD-82AF-A16C3432D62D}"
EndProject
Project("{9A19103F-16F7-4668-BE54-9A1E7A4F7556}") = "Prep4", "sandbox\csharp-prep\Prep4\Prep4.csproj", "{899A88BC-5C81-435A-AF44-36836D5CD189}"
EndProject
Project("{9A19103F-16F7-4668-BE54-9A1E7A4F7556}") = "Prep5", "sandbox\csharp-prep\Prep5\Prep5.csproj", "{483047B4-7369-44ED-A5E9-438AC6B50F6F}"
EndProject
Project("{2150E333-8FDC-42A3-9474-1A3956D46DE8}") = "final", "final", "{27FF0AA2-0426-40F2-B4C6-4C0F32F70B25}"
EndProject
Project("{9A19103F-16F7-4668-BE54-9A1E7A4F7556}") = "FinalProject", "sandbox\final\FinalProject\FinalProject.csproj", "{0450DD35-C691-44C5-B88D-219D45020D48}"
EndProject
Project("{9A19103F-16F7-4668-BE54-9A1E7A4F7556}") = "Foundation1", "sandbox\final\Foundation1\Foundation1.csproj", "{A61CD3B5-4208-4F9B-98BD-32E201B24527}"
EndProject
Project("{9A19103F-16F7-4668-BE54-9A1E7A4F7556}") = "Foundation2", "sandbox\final\Foundation2\Foundation2.csproj", "{9E6936B3-8CDF-4AA7-BC5E-B3F0C9049D52}"
EndProject
Project("{9A19103F-16F7-4668-BE54-9A1E7A4F7556}") = "Foundation3", "sandbox\final\Foundation3\Foundation3.csproj", "{E32A3F35-42F6-4117-9904-5B8A71C38751}"
EndProject
Project("{9A19103F-16F7-4668-BE54-9A1E7A4F7556}") = "Foundation4", "sandbox\final\Foundation4\Foundation4.csproj", "{31481E58-B41B-4152-8CCD-AB1323391CC1}"
EndProject
Project("{2150E333-8FDC-42A3-9474-1A3956D46DE8}") = "prepare", "prepare", "{0FD805D6-5BF2-44C4-8FF0-4F75F99A4D3D}"
EndProject
Project("{9A19103F-16F7-4668-BE54-9A1E7A4F7556}") = "Learning02", "sandbox\prepare\Learning02\Learning02.csproj", "{E108A152-0FD3-4079-A96E-1987BC67A5FC}"
EndProject
Project("{9A19103F-16F7-4668-BE54-9A1E7A4F7556}") = "Learning03", "sandbox\prepare\Learning03\Learning03.csproj", "{1B6B60EC-5E5F-4855-A004-00438551F0AA}"
EndProject
Project("{9A19103F-16F7-4668-BE54-9A1E7A4F7556}") = "Learning04", "sandbox\prepare\Learning04\Learning04.csproj", "{4E0B5F52-5CC3-488C-BDE9-43815664C170}"
EndProject
Project("{9A19103F-16F7-4668-BE54-9A1E7A4F7556}") = "Learning05", "sandbox\prepare\Learning05\Learning05.csproj", "{99C0A021-539A-416F-A84E-0F329919244B}"
EndProject
Project("{2150E333-8FDC-42A3-9474-1A3956D46DE8}") = "prove", "prove", "{018443EF-0C22-49F8-8ECE-67FEF3EB6CE2}"
EndProject
Project("{9A19103F-16F7-4668-BE54-9A1E7A4F7556}") = "Develop02", "sandbox\prove\Develop02\Develop02.csproj", "{A1A9BF36-82B9-40E3-B004-DFFA37D4E167}"
EndProject
Project("{9A19103F-16F7-4668-BE54-9A1E7A4F7556}") = "Develop03", "sandbox\prove\Develop03\Develop03.csproj", "{1D18A667-553A-4EC0-BF25-913C2F5FECC7}"
EndProject
Project("{9A19103F-16F7-4668-BE54-9A1E7A4F7556}") = "Develop04", "sandbox\prove\Develop04\Develop04.csproj", "{F11DB2F0-249F-4585-8BBB-1B46CD3019F1}"
EndProject
Project("{9A19103F-16F7-4668-BE54-9A1E7A4F7556}") = "Develop05", "sandbox\prove\Develop05\Develop05.csproj", "{4A463E71-B63B-4951-9DE5-7D0A6DC294EF}"
EndProject
Global
	GlobalSection(SolutionConfigurationPlatforms) = preSolution
		Debug|Any CPU = Debug|Any CPU
		Release|Any CPU = Release|Any CPU
	EndGlobalSection
	GlobalSection(ProjectConfigurationPlatforms) = postSolution
		{9856AA64-04CA-475F-9387-F4D391780724}.Debug|Any CPU.ActiveCfg = Debug|Any CPU
		{9856AA64-04CA-475F-9387-F4D391780724}.Debug|Any CPU.Build.0 = Debug|Any CPU
		{9856AA64-04CA-475F-9387-F4D391780724}.Release|Any CPU.ActiveCfg = Release|Any CPU
		{9856AA64-04CA-475F-9387-F4D391780724}.Release|Any CPU.Build.0 = Release|Any CPU
		{4FA1087B-9619-4DD0-A531-081D0A29E6CF}.Debug|Any CPU.ActiveCfg = Debug|Any CPU
		{4FA1087B-9619-4DD0-A531-081D0A29E6CF}.Debug|Any CPU.Build.0 = Debug|Any CPU
		{4FA1087B-9619-4DD0-A531-081D0A29E6CF}.Release|Any CPU.ActiveCfg = Release|Any CPU
		{4FA1087B-9619-4DD0-A531-081D0A29E6CF}.Release|Any CPU.Build.0 = Release|Any CPU
		{82855A61-6071-4E22-BF72-0C7A2A977931}.Debug|Any CPU.ActiveCfg = Debug|Any CPU
		{82855A61-6071-4E22-BF72-0C7A2A977931}.Debug|Any CPU.Build.0 = Debug|Any CPU
		{82855A61-6071-4E22-BF72-0C7A2A977931}.Release|Any CPU.ActiveCfg = Release|Any CPU
		{82855A61-6071-4E22-BF72-0C7A2A977931}.Release|Any CPU.Build.0 = Release|Any CPU
		{0BF405CC-DE12-446B-82A5-E5776CF39586}.Debug|Any CPU.ActiveCfg = Debug|Any CPU
		{0BF405CC-DE12-446B-82A5-E5776CF39586}.Debug|Any CPU.Build.0 = Debug|Any CPU
		{0BF405CC-DE12-446B-82A5-E5776CF39586}.Release|Any CPU.ActiveCfg = Release|Any CPU
		{0BF405CC-DE12-446B-82A5-E5776CF39586}.Release|Any CPU.Build.0 = Release|Any CPU
		{693B7192-4908-41BD-968C-D665807AE1FF}.Debug|Any CPU.ActiveCfg = Debug|Any CPU
		{693B7192-4908-41BD-968C-D665807AE1FF}.Debug|Any CPU.Build.0 = Debug|Any CPU
		{693B7192-4908-41BD-968C-D665807AE1FF}.Release|Any CPU.ActiveCfg = Release|Any CPU
		{693B7192-4908-41BD-968C-D665807AE1FF}.Release|Any CPU.Build.0 = Release|Any CPU
		{CB799651-ED00-4A5B-8EE3-9C9AEFC4754F}.Debug|Any CPU.ActiveCfg = Debug|Any CPU
		{CB799651-ED00-4A5B-8EE3-9C9AEFC4754F}.Debug|Any CPU.Build.0 = Debug|Any CPU
		{CB799651-ED00-4A5B-8EE3-9C9AEFC4754F}.Release|Any CPU.ActiveCfg = Release|Any CPU
		{CB799651-ED00-4A5B-8EE3-9C9AEFC4754F}.Release|Any CPU.Build.0 = Release|Any CPU
		{4DDDB571-C858-454F-91BC-556043B601DA}.Debug|Any CPU.ActiveCfg = Debug|Any CPU
		{4DDDB571-C858-454F-91BC-556043B601DA}.Debug|Any CPU.Build.0 = Debug|Any CPU
		{4DDDB571-C858-454F-91BC-556043B601DA}.Release|Any CPU.ActiveCfg = Release|Any CPU
		{4DDDB571-C858-454F-91BC-556043B601DA}.Release|Any CPU.Build.0 = Release|Any CPU
		{8D485CB6-5B6D-4B17-AFE3-12302CB94EB5}.Debug|Any CPU.ActiveCfg = Debug|Any CPU
		{8D485CB6-5B6D-4B17-AFE3-12302CB94EB5}.Debug|Any CPU.Build.0 = Debug|Any CPU
		{8D485CB6-5B6D-4B17-AFE3-12302CB94EB5}.Release|Any CPU.ActiveCfg = Release|Any CPU
		{8D485CB6-5B6D-4B17-AFE3-12302CB94EB5}.Release|Any CPU.Build.0 = Release|Any CPU
		{1ACB406C-DB1C-4153-8453-C059CF113DCA}.Debug|Any CPU.ActiveCfg = Debug|Any CPU
		{1ACB406C-DB1C-4153-8453-C059CF113DCA}.Debug|Any CPU.Build.0 = Debug|Any CPU
		{1ACB406C-DB1C-4153-8453-C059CF113DCA}.Release|Any CPU.ActiveCfg = Release|Any CPU
		{1ACB406C-DB1C-4153-8453-C059CF113DCA}.Release|Any CPU.Build.0 = Release|Any CPU
		{BC31A8FE-CC4C-4ED1-8CAD-7A3007934052}.Debug|Any CPU.ActiveCfg = Debug|Any CPU
		{BC31A8FE-CC4C-4ED1-8CAD-7A3007934052}.Debug|Any CPU.Build.0 = Debug|Any CPU
		{BC31A8FE-CC4C-4ED1-8CAD-7A3007934052}.Release|Any CPU.ActiveCfg = Release|Any CPU
		{BC31A8FE-CC4C-4ED1-8CAD-7A3007934052}.Release|Any CPU.Build.0 = Release|Any CPU
		{F4396019-06E2-41DE-BC28-EE8A48538F58}.Debug|Any CPU.ActiveCfg = Debug|Any CPU
		{F4396019-06E2-41DE-BC28-EE8A48538F58}.Debug|Any CPU.Build.0 = Debug|Any CPU
		{F4396019-06E2-41DE-BC28-EE8A48538F58}.Release|Any CPU.ActiveCfg = Release|Any CPU
		{F4396019-06E2-41DE-BC28-EE8A48538F58}.Release|Any CPU.Build.0 = Release|Any CPU
		{F47EEC71-E5CD-43B3-8B66-86AE58C39BBF}.Debug|Any CPU.ActiveCfg = Debug|Any CPU
		{F47EEC71-E5CD-43B3-8B66-86AE58C39BBF}.Debug|Any CPU.Build.0 = Debug|Any CPU
		{F47EEC71-E5CD-43B3-8B66-86AE58C39BBF}.Release|Any CPU.ActiveCfg = Release|Any CPU
		{F47EEC71-E5CD-43B3-8B66-86AE58C39BBF}.Release|Any CPU.Build.0 = Release|Any CPU
		{DE1A1248-67CD-4C7F-8B50-CA38999C2B2D}.Debug|Any CPU.ActiveCfg = Debug|Any CPU
		{DE1A1248-67CD-4C7F-8B50-CA38999C2B2D}.Debug|Any CPU.Build.0 = Debug|Any CPU
		{DE1A1248-67CD-4C7F-8B50-CA38999C2B2D}.Release|Any CPU.ActiveCfg = Release|Any CPU
		{DE1A1248-67CD-4C7F-8B50-CA38999C2B2D}.Release|Any CPU.Build.0 = Release|Any CPU
		{7D40291B-1A57-4173-A477-BEB1F7D17479}.Debug|Any CPU.ActiveCfg = Debug|Any CPU
		{7D40291B-1A57-4173-A477-BEB1F7D17479}.Debug|Any CPU.Build.0 = Debug|Any CPU
		{7D40291B-1A57-4173-A477-BEB1F7D17479}.Release|Any CPU.ActiveCfg = Release|Any CPU
		{7D40291B-1A57-4173-A477-BEB1F7D17479}.Release|Any CPU.Build.0 = Release|Any CPU
		{B24A0879-7D20-4839-8E02-3A1453501BDB}.Debug|Any CPU.ActiveCfg = Debug|Any CPU
		{B24A0879-7D20-4839-8E02-3A1453501BDB}.Debug|Any CPU.Build.0 = Debug|Any CPU
		{B24A0879-7D20-4839-8E02-3A1453501BDB}.Release|Any CPU.ActiveCfg = Release|Any CPU
		{B24A0879-7D20-4839-8E02-3A1453501BDB}.Release|Any CPU.Build.0 = Release|Any CPU
		{89BFCB67-7659-4044-88D3-117611B4D4E1}.Debug|Any CPU.ActiveCfg = Debug|Any CPU
		{89BFCB67-7659-4044-88D3-117611B4D4E1}.Debug|Any CPU.Build.0 = Debug|Any CPU
		{89BFCB67-7659-4044-88D3-117611B4D4E1}.Release|Any CPU.ActiveCfg = Release|Any CPU
		{89BFCB67-7659-4044-88D3-117611B4D4E1}.Release|Any CPU.Build.0 = Release|Any CPU
		{0FB4523A-B334-4AA7-84ED-3C0D4ECBB5E2}.Debug|Any CPU.ActiveCfg = Debug|Any CPU
		{0FB4523A-B334-4AA7-84ED-3C0D4ECBB5E2}.Debug|Any CPU.Build.0 = Debug|Any CPU
		{0FB4523A-B334-4AA7-84ED-3C0D4ECBB5E2}.Release|Any CPU.ActiveCfg = Release|Any CPU
		{0FB4523A-B334-4AA7-84ED-3C0D4ECBB5E2}.Release|Any CPU.Build.0 = Release|Any CPU
		{9CC624CD-0287-4569-AFE3-3A87D3FBDA4B}.Debug|Any CPU.ActiveCfg = Debug|Any CPU
		{9CC624CD-0287-4569-AFE3-3A87D3FBDA4B}.Debug|Any CPU.Build.0 = Debug|Any CPU
		{9CC624CD-0287-4569-AFE3-3A87D3FBDA4B}.Release|Any CPU.ActiveCfg = Release|Any CPU
		{9CC624CD-0287-4569-AFE3-3A87D3FBDA4B}.Release|Any CPU.Build.0 = Release|Any CPU
		{6150A42A-0858-405A-B745-FD49669285F4}.Debug|Any CPU.ActiveCfg = Debug|Any CPU
		{6150A42A-0858-405A-B745-FD49669285F4}.Debug|Any CPU.Build.0 = Debug|Any CPU
		{6150A42A-0858-405A-B745-FD49669285F4}.Release|Any CPU.ActiveCfg = Release|Any CPU
		{6150A42A-0858-405A-B745-FD49669285F4}.Release|Any CPU.Build.0 = Release|Any CPU
		{BC8B53F0-F2CB-46A1-9178-199F74D799B6}.Debug|Any CPU.ActiveCfg = Debug|Any CPU
		{BC8B53F0-F2CB-46A1-9178-199F74D799B6}.Debug|Any CPU.Build.0 = Debug|Any CPU
		{BC8B53F0-F2CB-46A1-9178-199F74D799B6}.Release|Any CPU.ActiveCfg = Release|Any CPU
		{BC8B53F0-F2CB-46A1-9178-199F74D799B6}.Release|Any CPU.Build.0 = Release|Any CPU
		{41FD44FA-20AB-4AD8-9CCC-8F07D653E576}.Debug|Any CPU.ActiveCfg = Debug|Any CPU
		{41FD44FA-20AB-4AD8-9CCC-8F07D653E576}.Debug|Any CPU.Build.0 = Debug|Any CPU
		{41FD44FA-20AB-4AD8-9CCC-8F07D653E576}.Release|Any CPU.ActiveCfg = Release|Any CPU
		{41FD44FA-20AB-4AD8-9CCC-8F07D653E576}.Release|Any CPU.Build.0 = Release|Any CPU
		{9CAFB3C0-396F-43FD-82AF-A16C3432D62D}.Debug|Any CPU.ActiveCfg = Debug|Any CPU
		{9CAFB3C0-396F-43FD-82AF-A16C3432D62D}.Debug|Any CPU.Build.0 = Debug|Any CPU
		{9CAFB3C0-396F-43FD-82AF-A16C3432D62D}.Release|Any CPU.ActiveCfg = Release|Any CPU
		{9CAFB3C0-396F-43FD-82AF-A16C3432D62D}.Release|Any CPU.Build.0 = Release|Any CPU
		{899A88BC-5C81-435A-AF44-36836D5CD189}.Debug|Any CPU.ActiveCfg = Debug|Any CPU
		{899A88BC-5C81-435A-AF44-36836D5CD189}.Debug|Any CPU.Build.0 = Debug|Any CPU
		{899A88BC-5C81-435A-AF44-36836D5CD189}.Release|Any CPU.ActiveCfg = Release|Any CPU
		{899A88BC-5C81-435A-AF44-36836D5CD189}.Release|Any CPU.Build.0 = Release|Any CPU
		{483047B4-7369-44ED-A5E9-438AC6B50F6F}.Debug|Any CPU.ActiveCfg = Debug|Any CPU
		{483047B4-7369-44ED-A5E9-438AC6B50F6F}.Debug|Any CPU.Build.0 = Debug|Any CPU
		{483047B4-7369-44ED-A5E9-438AC6B50F6F}.Release|Any CPU.ActiveCfg = Release|Any CPU
		{483047B4-7369-44ED-A5E9-438AC6B50F6F}.Release|Any CPU.Build.0 = Release|Any CPU
		{0450DD35-C691-44C5-B88D-219D45020D48}.Debug|Any CPU.ActiveCfg = Debug|Any CPU
		{0450DD35-C691-44C5-B88D-219D45020D48}.Debug|Any CPU.Build.0 = Debug|Any CPU
		{0450DD35-C691-44C5-B88D-219D45020D48}.Release|Any CPU.ActiveCfg = Release|Any CPU
		{0450DD35-C691-44C5-B88D-219D45020D48}.Release|Any CPU.Build.0 = Release|Any CPU
		{A61CD3B5-4208-4F9B-98BD-32E201B24527}.Debug|Any CPU.ActiveCfg = Debug|Any CPU
		{A61CD3B5-4208-4F9B-98BD-32E201B24527}.Debug|Any CPU.Build.0 = Debug|Any CPU
		{A61CD3B5-4208-4F9B-98BD-32E201B24527}.Release|Any CPU.ActiveCfg = Release|Any CPU
		{A61CD3B5-4208-4F9B-98BD-32E201B24527}.Release|Any CPU.Build.0 = Release|Any CPU
		{9E6936B3-8CDF-4AA7-BC5E-B3F0C9049D52}.Debug|Any CPU.ActiveCfg = Debug|Any CPU
		{9E6936B3-8CDF-4AA7-BC5E-B3F0C9049D52}.Debug|Any CPU.Build.0 = Debug|Any CPU
		{9E6936B3-8CDF-4AA7-BC5E-B3F0C9049D52}.Release|Any CPU.ActiveCfg = Release|Any CPU
		{9E6936B3-8CDF-4AA7-BC5E-B3F0C9049D52}.Release|Any CPU.Build.0 = Release|Any CPU
		{E32A3F35-42F6-4117-9904-5B8A71C38751}.Debug|Any CPU.ActiveCfg = Debug|Any CPU
		{E32A3F35-42F6-4117-9904-5B8A71C38751}.Debug|Any CPU.Build.0 = Debug|Any CPU
		{E32A3F35-42F6-4117-9904-5B8A71C38751}.Release|Any CPU.ActiveCfg = Release|Any CPU
		{E32A3F35-42F6-4117-9904-5B8A71C38751}.Release|Any CPU.Build.0 = Release|Any CPU
		{31481E58-B41B-4152-8CCD-AB1323391CC1}.Debug|Any CPU.ActiveCfg = Debug|Any CPU
		{31481E58-B41B-4152-8CCD-AB1323391CC1}.Debug|Any CPU.Build.0 = Debug|Any CPU
		{31481E58-B41B-4152-8CCD-AB1323391CC1}.Release|Any CPU.ActiveCfg = Release|Any CPU
		{31481E58-B41B-4152-8CCD-AB1323391CC1}.Release|Any CPU.Build.0 = Release|Any CPU
		{E108A152-0FD3-4079-A96E-1987BC67A5FC}.Debug|Any CPU.ActiveCfg = Debug|Any CPU
		{E108A152-0FD3-4079-A96E-1987BC67A5FC}.Debug|Any CPU.Build.0 = Debug|Any CPU
		{E108A152-0FD3-4079-A96E-1987BC67A5FC}.Release|Any CPU.ActiveCfg = Release|Any CPU
		{E108A152-0FD3-4079-A96E-1987BC67A5FC}.Release|Any CPU.Build.0 = Release|Any CPU
		{1B6B60EC-5E5F-4855-A004-00438551F0AA}.Debug|Any CPU.ActiveCfg = Debug|Any CPU
		{1B6B60EC-5E5F-4855-A004-00438551F0AA}.Debug|Any CPU.Build.0 = Debug|Any CPU
		{1B6B60EC-5E5F-4855-A004-00438551F0AA}.Release|Any CPU.ActiveCfg = Release|Any CPU
		{1B6B60EC-5E5F-4855-A004-00438551F0AA}.Release|Any CPU.Build.0 = Release|Any CPU
		{4E0B5F52-5CC3-488C-BDE9-43815664C170}.Debug|Any CPU.ActiveCfg = Debug|Any CPU
		{4E0B5F52-5CC3-488C-BDE9-43815664C170}.Debug|Any CPU.Build.0 = Debug|Any CPU
		{4E0B5F52-5CC3-488C-BDE9-43815664C170}.Release|Any CPU.ActiveCfg = Release|Any CPU
		{4E0B5F52-5CC3-488C-BDE9-43815664C170}.Release|Any CPU.Build.0 = Release|Any CPU
		{99C0A021-539A-416F-A84E-0F329919244B}.Debug|Any CPU.ActiveCfg = Debug|Any CPU
		{99C0A021-539A-416F-A84E-0F329919244B}.Debug|Any CPU.Build.0 = Debug|Any CPU
		{99C0A021-539A-416F-A84E-0F329919244B}.Release|Any CPU.ActiveCfg = Release|Any CPU
		{99C0A021-539A-416F-A84E-0F329919244B}.Release|Any CPU.Build.0 = Release|Any CPU
		{A1A9BF36-82B9-40E3-B004-DFFA37D4E167}.Debug|Any CPU.ActiveCfg = Debug|Any CPU
		{A1A9BF36-82B9-40E3-B004-DFFA37D4E167}.Debug|Any CPU.Build.0 = Debug|Any CPU
		{A1A9BF36-82B9-40E3-B004-DFFA37D4E167}.Release|Any CPU.ActiveCfg = Release|Any CPU
		{A1A9BF36-82B9-40E3-B004-DFFA37D4E167}.Release|Any CPU.Build.0 = Release|Any CPU
		{1D18A667-553A-4EC0-BF25-913C2F5FECC7}.Debug|Any CPU.ActiveCfg = Debug|Any CPU
		{1D18A667-553A-4EC0-BF25-913C2F5FECC7}.Debug|Any CPU.Build.0 = Debug|Any CPU
		{1D18A667-553A-4EC0-BF25-913C2F5FECC7}.Release|Any CPU.ActiveCfg = Release|Any CPU
		{1D18A667-553A-4EC0-BF25-913C2F5FECC7}.Release|Any CPU.Build.0 = Release|Any CPU
		{F11DB2F0-249F-4585-8BBB-1B46CD3019F1}.Debug|Any CPU.ActiveCfg = Debug|Any CPU
		{F11DB2F0-249F-4585-8BBB-1B46CD3019F1}.Debug|Any CPU.Build.0 = Debug|Any CPU
		{F11DB2F0-249F-4585-8BBB-1B46CD3019F1}.Release|Any CPU.ActiveCfg = Release|Any CPU
		{F11DB2F0-249F-4585-8BBB-1B46CD3019F1}.Release|Any CPU.Build.0 = Release|Any CPU
		{4A463E71-B63B-4951-9DE5-7D0A6DC294EF}.Debug|Any CPU.ActiveCfg = Debug|Any CPU
		{4A463E71-B63B-4951-9DE5-7D0A6DC294EF}.Debug|Any CPU.Build.0 = Debug|Any CPU
		{4A463E71-B63B-4951-9DE5-7D0A6DC294EF}.Release|Any CPU.ActiveCfg = Release|Any CPU
		{4A463E71-B63B-4951-9DE5-7D0A6DC294EF}.Release|Any CPU.Build.0 = Release|Any CPU
	EndGlobalSection
	GlobalSection(SolutionProperties) = preSolution
		HideSolutionNode = FALSE
	EndGlobalSection
	GlobalSection(NestedProjects) = preSolution
		{9856AA64-04CA-475F-9387-F4D391780724} = {17D3FD78-71B5-4678-A577-7CF58C938ED5}
		{4FA1087B-9619-4DD0-A531-081D0A29E6CF} = {17D3FD78-71B5-4678-A577-7CF58C938ED5}
		{82855A61-6071-4E22-BF72-0C7A2A977931} = {17D3FD78-71B5-4678-A577-7CF58C938ED5}
		{0BF405CC-DE12-446B-82A5-E5776CF39586} = {17D3FD78-71B5-4678-A577-7CF58C938ED5}
		{693B7192-4908-41BD-968C-D665807AE1FF} = {17D3FD78-71B5-4678-A577-7CF58C938ED5}
		{CB799651-ED00-4A5B-8EE3-9C9AEFC4754F} = {8EE192CD-883A-4C28-8CE0-B873FED331CF}
		{4DDDB571-C858-454F-91BC-556043B601DA} = {8EE192CD-883A-4C28-8CE0-B873FED331CF}
		{8D485CB6-5B6D-4B17-AFE3-12302CB94EB5} = {8EE192CD-883A-4C28-8CE0-B873FED331CF}
		{1ACB406C-DB1C-4153-8453-C059CF113DCA} = {8EE192CD-883A-4C28-8CE0-B873FED331CF}
		{BC31A8FE-CC4C-4ED1-8CAD-7A3007934052} = {8EE192CD-883A-4C28-8CE0-B873FED331CF}
		{F4396019-06E2-41DE-BC28-EE8A48538F58} = {2BBA016F-37DF-44A4-AE2F-0A7FD92E9E3D}
		{F47EEC71-E5CD-43B3-8B66-86AE58C39BBF} = {2BBA016F-37DF-44A4-AE2F-0A7FD92E9E3D}
		{DE1A1248-67CD-4C7F-8B50-CA38999C2B2D} = {2BBA016F-37DF-44A4-AE2F-0A7FD92E9E3D}
		{7D40291B-1A57-4173-A477-BEB1F7D17479} = {2BBA016F-37DF-44A4-AE2F-0A7FD92E9E3D}
		{B24A0879-7D20-4839-8E02-3A1453501BDB} = {8FA1ED29-B274-4228-B872-7D95E8B97078}
		{89BFCB67-7659-4044-88D3-117611B4D4E1} = {8FA1ED29-B274-4228-B872-7D95E8B97078}
		{0FB4523A-B334-4AA7-84ED-3C0D4ECBB5E2} = {8FA1ED29-B274-4228-B872-7D95E8B97078}
		{9CC624CD-0287-4569-AFE3-3A87D3FBDA4B} = {8FA1ED29-B274-4228-B872-7D95E8B97078}
		{6150A42A-0858-405A-B745-FD49669285F4} = {A7ABEA26-2AC3-44E7-857E-B5B563375A90}
		{028F6171-7D64-44C4-BE0A-C26F76CB7960} = {A7ABEA26-2AC3-44E7-857E-B5B563375A90}
		{BC8B53F0-F2CB-46A1-9178-199F74D799B6} = {028F6171-7D64-44C4-BE0A-C26F76CB7960}
		{41FD44FA-20AB-4AD8-9CCC-8F07D653E576} = {028F6171-7D64-44C4-BE0A-C26F76CB7960}
		{9CAFB3C0-396F-43FD-82AF-A16C3432D62D} = {028F6171-7D64-44C4-BE0A-C26F76CB7960}
		{899A88BC-5C81-435A-AF44-36836D5CD189} = {028F6171-7D64-44C4-BE0A-C26F76CB7960}
		{483047B4-7369-44ED-A5E9-438AC6B50F6F} = {028F6171-7D64-44C4-BE0A-C26F76CB7960}
		{27FF0AA2-0426-40F2-B4C6-4C0F32F70B25} = {A7ABEA26-2AC3-44E7-857E-B5B563375A90}
		{0450DD35-C691-44C5-B88D-219D45020D48} = {27FF0AA2-0426-40F2-B4C6-4C0F32F70B25}
		{A61CD3B5-4208-4F9B-98BD-32E201B24527} = {27FF0AA2-0426-40F2-B4C6-4C0F32F70B25}
		{9E6936B3-8CDF-4AA7-BC5E-B3F0C9049D52} = {27FF0AA2-0426-40F2-B4C6-4C0F32F70B25}
		{E32A3F35-42F6-4117-9904-5B8A71C38751} = {27FF0AA2-0426-40F2-B4C6-4C0F32F70B25}
		{31481E58-B41B-4152-8CCD-AB1323391CC1} = {27FF0AA2-0426-40F2-B4C6-4C0F32F70B25}
		{0FD805D6-5BF2-44C4-8FF0-4F75F99A4D3D} = {A7ABEA26-2AC3-44E7-857E-B5B563375A90}
		{E108A152-0FD3-4079-A96E-1987BC67A5FC} = {0FD805D6-5BF2-44C4-8FF0-4F75F99A4D3D}
		{1B6B60EC-5E5F-4855-A004-00438551F0AA} = {0FD805D6-5BF2-44C4-8FF0-4F75F99A4D3D}
		{4E0B5F52-5CC3-488C-BDE9-43815664C170} = {0FD805D6-5BF2-44C4-8FF0-4F75F99A4D3D}
		{99C0A021-539A-416F-A84E-0F329919244B} = {0FD805D6-5BF2-44C4-8FF0-4F75F99A4D3D}
		{018443EF-0C22-49F8-8ECE-67FEF3EB6CE2} = {A7ABEA26-2AC3-44E7-857E-B5B563375A90}
		{A1A9BF36-82B9-40E3-B004-DFFA37D4E167} = {018443EF-0C22-49F8-8ECE-67FEF3EB6CE2}
		{1D18A667-553A-4EC0-BF25-913C2F5FECC7} = {018443EF-0C22-49F8-8ECE-67FEF3EB6CE2}
		{F11DB2F0-249F-4585-8BBB-1B46CD3019F1} = {018443EF-0C22-49F8-8ECE-67FEF3EB6CE2}
		{4A463E71-B63B-4951-9DE5-7D0A6DC294EF} = {018443EF-0C22-49F8-8ECE-67FEF3EB6CE2}
	EndGlobalSection
	GlobalSection(ExtensibilityGlobals) = postSolution
		SolutionGuid = {6EB71D79-7A29-4605-A28A-2D43019E1595}
	EndGlobalSection
EndGlobal
